# This file is automatically @generated by Poetry 1.8.4 and should not be changed by hand.

[[package]]
name = "bottle"
version = "0.13.2"
description = "Fast and simple WSGI-framework for small web-applications."
optional = false
python-versions = "*"
files = [
    {file = "bottle-0.13.2-py2.py3-none-any.whl", hash = "sha256:27569ab8d1332fbba3e400b3baab2227ab4efb4882ff147af05a7c00ed73409c"},
    {file = "bottle-0.13.2.tar.gz", hash = "sha256:e53803b9d298c7d343d00ba7d27b0059415f04b9f6f40b8d58b5bf914ba9d348"},
]

[[package]]
name = "click"
version = "8.1.7"
description = "Composable command line interface toolkit"
optional = false
python-versions = ">=3.7"
files = [
    {file = "click-8.1.7-py3-none-any.whl", hash = "sha256:ae74fb96c20a0277a1d615f1e4d73c8414f5a98db8b799a7931d1582f3390c28"},
    {file = "click-8.1.7.tar.gz", hash = "sha256:ca9853ad459e787e2192211578cc907e7594e294c7ccc834310722b41b9ca6de"},
]

[package.dependencies]
colorama = {version = "*", markers = "platform_system == \"Windows\""}

[[package]]
name = "colorama"
version = "0.4.6"
description = "Cross-platform colored terminal text."
optional = false
python-versions = "!=3.0.*,!=3.1.*,!=3.2.*,!=3.3.*,!=3.4.*,!=3.5.*,!=3.6.*,>=2.7"
files = [
    {file = "colorama-0.4.6-py2.py3-none-any.whl", hash = "sha256:4f1d9991f5acc0ca119f9d443620b77f9d6b33703e51011c16baf57afb285fc6"},
    {file = "colorama-0.4.6.tar.gz", hash = "sha256:08695f5cb7ed6e0531a20572697297273c47b8cae5a63ffc6d6ed5c201be6e44"},
]

[[package]]
name = "packaging"
version = "24.2"
description = "Core utilities for Python packages"
optional = false
python-versions = ">=3.8"
files = [
    {file = "packaging-24.2-py3-none-any.whl", hash = "sha256:09abb1bccd265c01f4a3aa3f7a7db064b36514d2cba19a2f694fe6150451a759"},
    {file = "packaging-24.2.tar.gz", hash = "sha256:c228a6dc5e932d346bc5739379109d49e8853dd8223571c7c5b55260edc0b97f"},
]

[[package]]
name = "proxy-tools"
version = "0.1.0"
description = "Proxy Implementation"
optional = false
python-versions = "*"
files = [
    {file = "proxy_tools-0.1.0.tar.gz", hash = "sha256:ccb3751f529c047e2d8a58440d86b205303cf0fe8146f784d1cbcd94f0a28010"},
]

[[package]]
name = "psycopg"
version = "3.2.3"
description = "PostgreSQL database adapter for Python"
optional = false
python-versions = ">=3.8"
files = [
    {file = "psycopg-3.2.3-py3-none-any.whl", hash = "sha256:644d3973fe26908c73d4be746074f6e5224b03c1101d302d9a53bf565ad64907"},
    {file = "psycopg-3.2.3.tar.gz", hash = "sha256:a5764f67c27bec8bfac85764d23c534af2c27b893550377e37ce59c12aac47a2"},
]

[package.dependencies]
typing-extensions = {version = ">=4.6", markers = "python_version < \"3.13\""}
tzdata = {version = "*", markers = "sys_platform == \"win32\""}

[package.extras]
binary = ["psycopg-binary (==3.2.3)"]
c = ["psycopg-c (==3.2.3)"]
dev = ["ast-comments (>=1.1.2)", "black (>=24.1.0)", "codespell (>=2.2)", "dnspython (>=2.1)", "flake8 (>=4.0)", "mypy (>=1.11)", "types-setuptools (>=57.4)", "wheel (>=0.37)"]
docs = ["Sphinx (>=5.0)", "furo (==2022.6.21)", "sphinx-autobuild (>=2021.3.14)", "sphinx-autodoc-typehints (>=1.12)"]
pool = ["psycopg-pool"]
test = ["anyio (>=4.0)", "mypy (>=1.11)", "pproxy (>=2.7)", "pytest (>=6.2.5)", "pytest-cov (>=3.0)", "pytest-randomly (>=3.5)"]

[[package]]
name = "psycopg-binary"
version = "3.2.3"
description = "PostgreSQL database adapter for Python -- C optimisation distribution"
optional = false
python-versions = ">=3.8"
files = [
    {file = "psycopg_binary-3.2.3-cp310-cp310-macosx_12_0_x86_64.whl", hash = "sha256:965455eac8547f32b3181d5ec9ad8b9be500c10fe06193543efaaebe3e4ce70c"},
    {file = "psycopg_binary-3.2.3-cp310-cp310-macosx_14_0_arm64.whl", hash = "sha256:71adcc8bc80a65b776510bc39992edf942ace35b153ed7a9c6c573a6849ce308"},
    {file = "psycopg_binary-3.2.3-cp310-cp310-manylinux_2_17_aarch64.manylinux2014_aarch64.whl", hash = "sha256:f73adc05452fb85e7a12ed3f69c81540a8875960739082e6ea5e28c373a30774"},
    {file = "psycopg_binary-3.2.3-cp310-cp310-manylinux_2_17_i686.manylinux2014_i686.whl", hash = "sha256:e8630943143c6d6ca9aefc88bbe5e76c90553f4e1a3b2dc339e67dc34aa86f7e"},
    {file = "psycopg_binary-3.2.3-cp310-cp310-manylinux_2_17_ppc64le.manylinux2014_ppc64le.whl", hash = "sha256:3bffb61e198a91f712cc3d7f2d176a697cb05b284b2ad150fb8edb308eba9002"},
    {file = "psycopg_binary-3.2.3-cp310-cp310-manylinux_2_17_x86_64.manylinux2014_x86_64.whl", hash = "sha256:dc4fa2240c9fceddaa815a58f29212826fafe43ce80ff666d38c4a03fb036955"},
    {file = "psycopg_binary-3.2.3-cp310-cp310-musllinux_1_2_aarch64.whl", hash = "sha256:192a5f8496e6e1243fdd9ac20e117e667c0712f148c5f9343483b84435854c78"},
    {file = "psycopg_binary-3.2.3-cp310-cp310-musllinux_1_2_i686.whl", hash = "sha256:64dc6e9ec64f592f19dc01a784e87267a64a743d34f68488924251253da3c818"},
    {file = "psycopg_binary-3.2.3-cp310-cp310-musllinux_1_2_ppc64le.whl", hash = "sha256:79498df398970abcee3d326edd1d4655de7d77aa9aecd578154f8af35ce7bbd2"},
    {file = "psycopg_binary-3.2.3-cp310-cp310-musllinux_1_2_x86_64.whl", hash = "sha256:949551752930d5e478817e0b49956350d866b26578ced0042a61967e3fcccdea"},
    {file = "psycopg_binary-3.2.3-cp310-cp310-win_amd64.whl", hash = "sha256:80a2337e2dfb26950894c8301358961430a0304f7bfe729d34cc036474e9c9b1"},
    {file = "psycopg_binary-3.2.3-cp311-cp311-macosx_12_0_x86_64.whl", hash = "sha256:6d8f2144e0d5808c2e2aed40fbebe13869cd00c2ae745aca4b3b16a435edb056"},
    {file = "psycopg_binary-3.2.3-cp311-cp311-macosx_14_0_arm64.whl", hash = "sha256:94253be2b57ef2fea7ffe08996067aabf56a1eb9648342c9e3bad9e10c46e045"},
    {file = "psycopg_binary-3.2.3-cp311-cp311-manylinux_2_17_aarch64.manylinux2014_aarch64.whl", hash = "sha256:fda0162b0dbfa5eaed6cdc708179fa27e148cb8490c7d62e5cf30713909658ea"},
    {file = "psycopg_binary-3.2.3-cp311-cp311-manylinux_2_17_i686.manylinux2014_i686.whl", hash = "sha256:2c0419cdad8c70eaeb3116bb28e7b42d546f91baf5179d7556f230d40942dc78"},
    {file = "psycopg_binary-3.2.3-cp311-cp311-manylinux_2_17_ppc64le.manylinux2014_ppc64le.whl", hash = "sha256:74fbf5dd3ef09beafd3557631e282f00f8af4e7a78fbfce8ab06d9cd5a789aae"},
    {file = "psycopg_binary-3.2.3-cp311-cp311-manylinux_2_17_x86_64.manylinux2014_x86_64.whl", hash = "sha256:7d784f614e4d53050cbe8abf2ae9d1aaacf8ed31ce57b42ce3bf2a48a66c3a5c"},
    {file = "psycopg_binary-3.2.3-cp311-cp311-musllinux_1_2_aarch64.whl", hash = "sha256:4e76ce2475ed4885fe13b8254058be710ec0de74ebd8ef8224cf44a9a3358e5f"},
    {file = "psycopg_binary-3.2.3-cp311-cp311-musllinux_1_2_i686.whl", hash = "sha256:5938b257b04c851c2d1e6cb2f8c18318f06017f35be9a5fe761ee1e2e344dfb7"},
    {file = "psycopg_binary-3.2.3-cp311-cp311-musllinux_1_2_ppc64le.whl", hash = "sha256:257c4aea6f70a9aef39b2a77d0658a41bf05c243e2bf41895eb02220ac6306f3"},
    {file = "psycopg_binary-3.2.3-cp311-cp311-musllinux_1_2_x86_64.whl", hash = "sha256:06b5cc915e57621eebf2393f4173793ed7e3387295f07fed93ed3fb6a6ccf585"},
    {file = "psycopg_binary-3.2.3-cp311-cp311-win_amd64.whl", hash = "sha256:09baa041856b35598d335b1a74e19a49da8500acedf78164600694c0ba8ce21b"},
    {file = "psycopg_binary-3.2.3-cp312-cp312-macosx_12_0_x86_64.whl", hash = "sha256:48f8ca6ee8939bab760225b2ab82934d54330eec10afe4394a92d3f2a0c37dd6"},
    {file = "psycopg_binary-3.2.3-cp312-cp312-macosx_14_0_arm64.whl", hash = "sha256:5361ea13c241d4f0ec3f95e0bf976c15e2e451e9cc7ef2e5ccfc9d170b197a40"},
    {file = "psycopg_binary-3.2.3-cp312-cp312-manylinux_2_17_aarch64.manylinux2014_aarch64.whl", hash = "sha256:cb987f14af7da7c24f803111dbc7392f5070fd350146af3345103f76ea82e339"},
    {file = "psycopg_binary-3.2.3-cp312-cp312-manylinux_2_17_i686.manylinux2014_i686.whl", hash = "sha256:0463a11b1cace5a6aeffaf167920707b912b8986a9c7920341c75e3686277920"},
    {file = "psycopg_binary-3.2.3-cp312-cp312-manylinux_2_17_ppc64le.manylinux2014_ppc64le.whl", hash = "sha256:8b7be9a6c06518967b641fb15032b1ed682fd3b0443f64078899c61034a0bca6"},
    {file = "psycopg_binary-3.2.3-cp312-cp312-manylinux_2_17_x86_64.manylinux2014_x86_64.whl", hash = "sha256:64a607e630d9f4b2797f641884e52b9f8e239d35943f51bef817a384ec1678fe"},
    {file = "psycopg_binary-3.2.3-cp312-cp312-musllinux_1_2_aarch64.whl", hash = "sha256:fa33ead69ed133210d96af0c63448b1385df48b9c0247eda735c5896b9e6dbbf"},
    {file = "psycopg_binary-3.2.3-cp312-cp312-musllinux_1_2_i686.whl", hash = "sha256:1f8b0d0e99d8e19923e6e07379fa00570be5182c201a8c0b5aaa9a4d4a4ea20b"},
    {file = "psycopg_binary-3.2.3-cp312-cp312-musllinux_1_2_ppc64le.whl", hash = "sha256:709447bd7203b0b2debab1acec23123eb80b386f6c29e7604a5d4326a11e5bd6"},
    {file = "psycopg_binary-3.2.3-cp312-cp312-musllinux_1_2_x86_64.whl", hash = "sha256:5e37d5027e297a627da3551a1e962316d0f88ee4ada74c768f6c9234e26346d9"},
    {file = "psycopg_binary-3.2.3-cp312-cp312-win_amd64.whl", hash = "sha256:261f0031ee6074765096a19b27ed0f75498a8338c3dcd7f4f0d831e38adf12d1"},
    {file = "psycopg_binary-3.2.3-cp313-cp313-macosx_12_0_x86_64.whl", hash = "sha256:41fdec0182efac66b27478ac15ef54c9ebcecf0e26ed467eb7d6f262a913318b"},
    {file = "psycopg_binary-3.2.3-cp313-cp313-macosx_14_0_arm64.whl", hash = "sha256:07d019a786eb020c0f984691aa1b994cb79430061065a694cf6f94056c603d26"},
    {file = "psycopg_binary-3.2.3-cp313-cp313-manylinux_2_17_aarch64.manylinux2014_aarch64.whl", hash = "sha256:4c57615791a337378fe5381143259a6c432cdcbb1d3e6428bfb7ce59fff3fb5c"},
    {file = "psycopg_binary-3.2.3-cp313-cp313-manylinux_2_17_i686.manylinux2014_i686.whl", hash = "sha256:e8eb9a4e394926b93ad919cad1b0a918e9b4c846609e8c1cfb6b743683f64da0"},
    {file = "psycopg_binary-3.2.3-cp313-cp313-manylinux_2_17_ppc64le.manylinux2014_ppc64le.whl", hash = "sha256:5905729668ef1418bd36fbe876322dcb0f90b46811bba96d505af89e6fbdce2f"},
    {file = "psycopg_binary-3.2.3-cp313-cp313-manylinux_2_17_x86_64.manylinux2014_x86_64.whl", hash = "sha256:fd65774ed7d65101b314808b6893e1a75b7664f680c3ef18d2e5c84d570fa393"},
    {file = "psycopg_binary-3.2.3-cp313-cp313-musllinux_1_2_aarch64.whl", hash = "sha256:700679c02f9348a0d0a2adcd33a0275717cd0d0aee9d4482b47d935023629505"},
    {file = "psycopg_binary-3.2.3-cp313-cp313-musllinux_1_2_i686.whl", hash = "sha256:96334bb64d054e36fed346c50c4190bad9d7c586376204f50bede21a913bf942"},
    {file = "psycopg_binary-3.2.3-cp313-cp313-musllinux_1_2_ppc64le.whl", hash = "sha256:9099e443d4cc24ac6872e6a05f93205ba1a231b1a8917317b07c9ef2b955f1f4"},
    {file = "psycopg_binary-3.2.3-cp313-cp313-musllinux_1_2_x86_64.whl", hash = "sha256:1985ab05e9abebfbdf3163a16ebb37fbc5d49aff2bf5b3d7375ff0920bbb54cd"},
    {file = "psycopg_binary-3.2.3-cp313-cp313-win_amd64.whl", hash = "sha256:e90352d7b610b4693fad0feea48549d4315d10f1eba5605421c92bb834e90170"},
    {file = "psycopg_binary-3.2.3-cp38-cp38-macosx_12_0_x86_64.whl", hash = "sha256:69320f05de8cdf4077ecd7fefdec223890eea232af0d58f2530cbda2871244a0"},
    {file = "psycopg_binary-3.2.3-cp38-cp38-manylinux_2_17_aarch64.manylinux2014_aarch64.whl", hash = "sha256:4926ea5c46da30bec4a85907aa3f7e4ea6313145b2aa9469fdb861798daf1502"},
    {file = "psycopg_binary-3.2.3-cp38-cp38-manylinux_2_17_i686.manylinux2014_i686.whl", hash = "sha256:c64c4cd0d50d5b2288ab1bcb26c7126c772bbdebdfadcd77225a77df01c4a57e"},
    {file = "psycopg_binary-3.2.3-cp38-cp38-manylinux_2_17_ppc64le.manylinux2014_ppc64le.whl", hash = "sha256:05a1bdce30356e70a05428928717765f4a9229999421013f41338d9680d03a63"},
    {file = "psycopg_binary-3.2.3-cp38-cp38-manylinux_2_17_x86_64.manylinux2014_x86_64.whl", hash = "sha256:7ad357e426b0ea5c3043b8ec905546fa44b734bf11d33b3da3959f6e4447d350"},
    {file = "psycopg_binary-3.2.3-cp38-cp38-musllinux_1_2_aarch64.whl", hash = "sha256:967b47a0fd237aa17c2748fdb7425015c394a6fb57cdad1562e46a6eb070f96d"},
    {file = "psycopg_binary-3.2.3-cp38-cp38-musllinux_1_2_i686.whl", hash = "sha256:71db8896b942770ed7ab4efa59b22eee5203be2dfdee3c5258d60e57605d688c"},
    {file = "psycopg_binary-3.2.3-cp38-cp38-musllinux_1_2_ppc64le.whl", hash = "sha256:2773f850a778575dd7158a6dd072f7925b67f3ba305e2003538e8831fec77a1d"},
    {file = "psycopg_binary-3.2.3-cp38-cp38-musllinux_1_2_x86_64.whl", hash = "sha256:aeddf7b3b3f6e24ccf7d0edfe2d94094ea76b40e831c16eff5230e040ce3b76b"},
    {file = "psycopg_binary-3.2.3-cp38-cp38-win_amd64.whl", hash = "sha256:824c867a38521d61d62b60aca7db7ca013a2b479e428a0db47d25d8ca5067410"},
    {file = "psycopg_binary-3.2.3-cp39-cp39-macosx_12_0_x86_64.whl", hash = "sha256:9994f7db390c17fc2bd4c09dca722fd792ff8a49bb3bdace0c50a83f22f1767d"},
    {file = "psycopg_binary-3.2.3-cp39-cp39-manylinux_2_17_aarch64.manylinux2014_aarch64.whl", hash = "sha256:1303bf8347d6be7ad26d1362af2c38b3a90b8293e8d56244296488ee8591058e"},
    {file = "psycopg_binary-3.2.3-cp39-cp39-manylinux_2_17_i686.manylinux2014_i686.whl", hash = "sha256:842da42a63ecb32612bb7f5b9e9f8617eab9bc23bd58679a441f4150fcc51c96"},
    {file = "psycopg_binary-3.2.3-cp39-cp39-manylinux_2_17_ppc64le.manylinux2014_ppc64le.whl", hash = "sha256:2bb342a01c76f38a12432848e6013c57eb630103e7556cf79b705b53814c3949"},
    {file = "psycopg_binary-3.2.3-cp39-cp39-manylinux_2_17_x86_64.manylinux2014_x86_64.whl", hash = "sha256:fd40af959173ea0d087b6b232b855cfeaa6738f47cb2a0fd10a7f4fa8b74293f"},
    {file = "psycopg_binary-3.2.3-cp39-cp39-musllinux_1_2_aarch64.whl", hash = "sha256:9b60b465773a52c7d4705b0a751f7f1cdccf81dd12aee3b921b31a6e76b07b0e"},
    {file = "psycopg_binary-3.2.3-cp39-cp39-musllinux_1_2_i686.whl", hash = "sha256:fc6d87a1c44df8d493ef44988a3ded751e284e02cdf785f746c2d357e99782a6"},
    {file = "psycopg_binary-3.2.3-cp39-cp39-musllinux_1_2_ppc64le.whl", hash = "sha256:f0b018e37608c3bfc6039a1dc4eb461e89334465a19916be0153c757a78ea426"},
    {file = "psycopg_binary-3.2.3-cp39-cp39-musllinux_1_2_x86_64.whl", hash = "sha256:2a29f5294b0b6360bfda69653697eff70aaf2908f58d1073b0acd6f6ab5b5a4f"},
    {file = "psycopg_binary-3.2.3-cp39-cp39-win_amd64.whl", hash = "sha256:e56b1fd529e5dde2d1452a7d72907b37ed1b4f07fdced5d8fb1e963acfff6749"},
]

[[package]]
name = "pycparser"
version = "2.22"
description = "C parser in Python"
optional = false
python-versions = ">=3.8"
files = [
    {file = "pycparser-2.22-py3-none-any.whl", hash = "sha256:c3702b6d3dd8c7abc1afa565d7e63d53a1d0bd86cdc24edd75470f4de499cfcc"},
    {file = "pycparser-2.22.tar.gz", hash = "sha256:491c8be9c040f5390f5bf44a5b07752bd07f56edf992381b05c701439eec10f6"},
]

[[package]]
name = "pyobjc-core"
version = "10.3.1"
description = "Python<->ObjC Interoperability Module"
optional = false
python-versions = ">=3.8"
files = [
    {file = "pyobjc_core-10.3.1-cp310-cp310-macosx_10_9_universal2.whl", hash = "sha256:ea46d2cda17921e417085ac6286d43ae448113158afcf39e0abe484c58fb3d78"},
    {file = "pyobjc_core-10.3.1-cp311-cp311-macosx_10_9_universal2.whl", hash = "sha256:899d3c84d2933d292c808f385dc881a140cf08632907845043a333a9d7c899f9"},
    {file = "pyobjc_core-10.3.1-cp312-cp312-macosx_10_9_universal2.whl", hash = "sha256:6ff5823d13d0a534cdc17fa4ad47cf5bee4846ce0fd27fc40012e12b46db571b"},
    {file = "pyobjc_core-10.3.1-cp313-cp313-macosx_10_13_universal2.whl", hash = "sha256:2581e8e68885bcb0e11ec619e81ef28e08ee3fac4de20d8cc83bc5af5bcf4a90"},
    {file = "pyobjc_core-10.3.1-cp38-cp38-macosx_10_9_x86_64.whl", hash = "sha256:ea98d4c2ec39ca29e62e0327db21418696161fb138ee6278daf2acbedf7ce504"},
    {file = "pyobjc_core-10.3.1-cp38-cp38-macosx_11_0_universal2.whl", hash = "sha256:4c179c26ee2123d0aabffb9dbc60324b62b6f8614fb2c2328b09386ef59ef6d8"},
    {file = "pyobjc_core-10.3.1-cp39-cp39-macosx_10_9_universal2.whl", hash = "sha256:cb901fce65c9be420c40d8a6ee6fff5ff27c6945f44fd7191989b982baa66dea"},
    {file = "pyobjc_core-10.3.1.tar.gz", hash = "sha256:b204a80ccc070f9ab3f8af423a3a25a6fd787e228508d00c4c30f8ac538ba720"},
]

[[package]]
name = "pyobjc-framework-cocoa"
version = "10.3.1"
description = "Wrappers for the Cocoa frameworks on macOS"
optional = false
python-versions = ">=3.8"
files = [
    {file = "pyobjc_framework_Cocoa-10.3.1-cp310-cp310-macosx_10_9_universal2.whl", hash = "sha256:4cb4f8491ab4d9b59f5187e42383f819f7a46306a4fa25b84f126776305291d1"},
    {file = "pyobjc_framework_Cocoa-10.3.1-cp311-cp311-macosx_10_9_universal2.whl", hash = "sha256:5f31021f4f8fdf873b57a97ee1f3c1620dbe285e0b4eaed73dd0005eb72fd773"},
    {file = "pyobjc_framework_Cocoa-10.3.1-cp312-cp312-macosx_10_9_universal2.whl", hash = "sha256:11b4e0bad4bbb44a4edda128612f03cdeab38644bbf174de0c13129715497296"},
    {file = "pyobjc_framework_Cocoa-10.3.1-cp313-cp313-macosx_10_13_universal2.whl", hash = "sha256:de5e62e5ccf2871a94acf3bf79646b20ea893cc9db78afa8d1fe1b0d0f7cbdb0"},
    {file = "pyobjc_framework_Cocoa-10.3.1-cp38-cp38-macosx_10_9_x86_64.whl", hash = "sha256:6c5af24610ab639bd1f521ce4500484b40787f898f691b7a23da3339e6bc8b90"},
    {file = "pyobjc_framework_Cocoa-10.3.1-cp38-cp38-macosx_11_0_universal2.whl", hash = "sha256:a7151186bb7805deea434fae9a4423335e6371d105f29e73cc2036c6779a9dbc"},
    {file = "pyobjc_framework_Cocoa-10.3.1-cp39-cp39-macosx_10_9_universal2.whl", hash = "sha256:743d2a1ac08027fd09eab65814c79002a1d0421d7c0074ffd1217b6560889744"},
    {file = "pyobjc_framework_cocoa-10.3.1.tar.gz", hash = "sha256:1cf20714daaa986b488fb62d69713049f635c9d41a60c8da97d835710445281a"},
]

[package.dependencies]
pyobjc-core = ">=10.3.1"

[[package]]
name = "pyobjc-framework-quartz"
version = "10.3.1"
description = "Wrappers for the Quartz frameworks on macOS"
optional = false
python-versions = ">=3.8"
files = [
    {file = "pyobjc_framework_Quartz-10.3.1-cp310-cp310-macosx_10_9_universal2.whl", hash = "sha256:5ef4fd315ed2bc42ef77fdeb2bae28a88ec986bd7b8079a87ba3b3475348f96e"},
    {file = "pyobjc_framework_Quartz-10.3.1-cp311-cp311-macosx_10_9_universal2.whl", hash = "sha256:96578d4a3e70164efe44ad7dc320ecd4e211758ffcde5dcd694de1bbdfe090a4"},
    {file = "pyobjc_framework_Quartz-10.3.1-cp312-cp312-macosx_10_9_universal2.whl", hash = "sha256:ca35f92486869a41847a1703bb176aab8a53dbfd8e678d1f4d68d8e6e1581c71"},
    {file = "pyobjc_framework_Quartz-10.3.1-cp313-cp313-macosx_10_13_universal2.whl", hash = "sha256:00a0933267e3a46ea4afcc35d117b2efb920f06de797fa66279c52e7057e3590"},
    {file = "pyobjc_framework_Quartz-10.3.1-cp38-cp38-macosx_10_9_x86_64.whl", hash = "sha256:a161bedb4c5257a02ad56a910cd7eefb28bdb0ea78607df0d70ed4efe4ea54c1"},
    {file = "pyobjc_framework_Quartz-10.3.1-cp38-cp38-macosx_11_0_universal2.whl", hash = "sha256:d7a8028e117a94923a511944bfa9daf9744e212f06cf89010c60934a479863a5"},
    {file = "pyobjc_framework_Quartz-10.3.1-cp39-cp39-macosx_10_9_universal2.whl", hash = "sha256:de00c983b3267eb26fa42c6ed9f15e2bf006bde8afa7fe2b390646aa21a5d6fc"},
    {file = "pyobjc_framework_quartz-10.3.1.tar.gz", hash = "sha256:b6d7e346d735c9a7f147cd78e6da79eeae416a0b7d3874644c83a23786c6f886"},
]

[package.dependencies]
pyobjc-core = ">=10.3.1"
pyobjc-framework-Cocoa = ">=10.3.1"

[[package]]
name = "pyobjc-framework-security"
version = "10.3.1"
description = "Wrappers for the framework Security on macOS"
optional = false
python-versions = ">=3.8"
files = [
    {file = "pyobjc_framework_Security-10.3.1-cp310-cp310-macosx_10_9_universal2.whl", hash = "sha256:9de850e5d29cb8605c0d7f7fb4a8d29ad5ece6c58a2ab16fba3f985e6b9ee05a"},
    {file = "pyobjc_framework_Security-10.3.1-cp311-cp311-macosx_10_9_universal2.whl", hash = "sha256:499372b4b87de0198601e0c6b3d3e43d48605218149a5808c6567b601147a9bf"},
    {file = "pyobjc_framework_Security-10.3.1-cp312-cp312-macosx_10_9_universal2.whl", hash = "sha256:b3daed9661bd80245dd8dbc738a17870226969db27f6dbb3424ec0ebdbb6ba83"},
    {file = "pyobjc_framework_Security-10.3.1-cp313-cp313-macosx_10_13_universal2.whl", hash = "sha256:6120e91282985bcec3b44c1bc4f9c26d40cd07b4ac3dc81f745d73c13f8b5523"},
    {file = "pyobjc_framework_Security-10.3.1-cp38-cp38-macosx_10_9_x86_64.whl", hash = "sha256:43450895cd84256b313b547c9b256a4c0dc4b91195ec3e744f4f247d3cda0b77"},
    {file = "pyobjc_framework_Security-10.3.1-cp38-cp38-macosx_11_0_universal2.whl", hash = "sha256:de52be2ce5ea98f2c224fea248227dcb3e7028d9814d0894ea6ea3c6da0f9160"},
    {file = "pyobjc_framework_Security-10.3.1-cp39-cp39-macosx_10_9_universal2.whl", hash = "sha256:df39effeeb79482dd5805fd05e34a7c3ab30233a6e06e251cf7f8620430574fe"},
    {file = "pyobjc_framework_security-10.3.1.tar.gz", hash = "sha256:0d4e679a8aebaef9b54bd24e2fe2794ad5c28d601b6d140ed38370594bcb6fa0"},
]

[package.dependencies]
pyobjc-core = ">=10.3.1"
pyobjc-framework-Cocoa = ">=10.3.1"

[[package]]
name = "pyobjc-framework-webkit"
version = "10.3.1"
description = "Wrappers for the framework WebKit on macOS"
optional = false
python-versions = ">=3.8"
files = [
    {file = "pyobjc_framework_WebKit-10.3.1-cp36-abi3-macosx_10_13_universal2.whl", hash = "sha256:df52913e4c3cb77d4551d9848e30be01b82cace54cede850c88a7e0ab41a20a9"},
    {file = "pyobjc_framework_WebKit-10.3.1-cp36-abi3-macosx_10_9_universal2.whl", hash = "sha256:207a7aa57817d3ab3fa033e42ab612f8c00521f13ff2871547c92cd94ed51f85"},
    {file = "pyobjc_framework_WebKit-10.3.1-cp36-abi3-macosx_10_9_x86_64.whl", hash = "sha256:c0d4c1ba0fafae503a8df95e7b6bd4236951ba72508ec62809e37825f382c635"},
    {file = "pyobjc_framework_WebKit-10.3.1-cp36-abi3-macosx_11_0_universal2.whl", hash = "sha256:c8e3334978a1bd927ea14ed73f56d6741561a69d31d082d2b23d1b48446917c8"},
    {file = "pyobjc_framework_webkit-10.3.1.tar.gz", hash = "sha256:7ad9f4eb91a6dff39848d9c2ab71f170aeab4b6396bcec8e5a780739f9be4222"},
]

[package.dependencies]
pyobjc-core = ">=10.3.1"
pyobjc-framework-Cocoa = ">=10.3.1"

[[package]]
name = "pyqt5"
version = "5.15.9"
description = "Python bindings for the Qt cross platform application toolkit"
optional = false
python-versions = ">=3.7"
files = [
    {file = "PyQt5-5.15.9-cp37-abi3-macosx_10_13_x86_64.whl", hash = "sha256:883ba5c8a348be78c8be6a3d3ba014c798e679503bce00d76c666c2dc6afe828"},
    {file = "PyQt5-5.15.9-cp37-abi3-manylinux_2_17_x86_64.whl", hash = "sha256:dd5ce10e79fbf1df29507d2daf99270f2057cdd25e4de6fbf2052b46c652e3a5"},
    {file = "PyQt5-5.15.9-cp37-abi3-win32.whl", hash = "sha256:e45c5cc15d4fd26ab5cb0e5cdba60691a3e9086411f8e3662db07a5a4222a696"},
    {file = "PyQt5-5.15.9-cp37-abi3-win_amd64.whl", hash = "sha256:e030d795df4cbbfcf4f38b18e2e119bcc9e177ef658a5094b87bb16cac0ce4c5"},
    {file = "PyQt5-5.15.9.tar.gz", hash = "sha256:dc41e8401a90dc3e2b692b411bd5492ab559ae27a27424eed4bd3915564ec4c0"},
]

[package.dependencies]
PyQt5-Qt5 = ">=5.15.2"
PyQt5-sip = ">=12.11,<13"

[[package]]
name = "pyqt5-plugins"
version = "5.15.9.2.3"
description = "PyQt Designer and QML plugins"
optional = false
python-versions = ">=3.7"
files = [
    {file = "pyqt5_plugins-5.15.9.2.3-cp310-cp310-macosx_11_0_x86_64.whl", hash = "sha256:798b9f7d212972ac3940425d0cfe3a90669520b29b113da9d63a0996b7e121f4"},
    {file = "pyqt5_plugins-5.15.9.2.3-cp310-cp310-manylinux2014_x86_64.whl", hash = "sha256:a818862de6a19965fca26174d462097829f523e177025e96c415e0389d212616"},
    {file = "pyqt5_plugins-5.15.9.2.3-cp310-cp310-win32.whl", hash = "sha256:a1abd0aaaf4bb1c0d35ed33eba9707f2212a235f45bf9bd103e65d60147d8865"},
    {file = "pyqt5_plugins-5.15.9.2.3-cp310-cp310-win_amd64.whl", hash = "sha256:b3f2c1598a171c36bcc78f68d58370e6876afacdda66e0c1e2c1ce861907a7c9"},
    {file = "pyqt5_plugins-5.15.9.2.3-cp311-cp311-macosx_10_13_universal2.whl", hash = "sha256:078b1564a54c1549e40a87c32deb9cf9e77d72f004cd0f5f42a2acfd4d6aea36"},
    {file = "pyqt5_plugins-5.15.9.2.3-cp311-cp311-manylinux2014_x86_64.whl", hash = "sha256:c883469f6d17859c8991d44d72fff6b2b9e3fa18b371c86ff002afb5e790f9c6"},
    {file = "pyqt5_plugins-5.15.9.2.3-cp311-cp311-win32.whl", hash = "sha256:f48754c09ed46a0b6305109c0c19ed7cd8b13925ba81ef2df2e8a870437b3aa7"},
    {file = "pyqt5_plugins-5.15.9.2.3-cp311-cp311-win_amd64.whl", hash = "sha256:1d9acf423062c6694a5e68782fb54ce90355481d33281c9193da45c43426853c"},
    {file = "pyqt5_plugins-5.15.9.2.3-cp37-cp37m-macosx_10_15_x86_64.whl", hash = "sha256:ed24621fbfc20964899ea5b4d1339e765847be532cedc2f195a0adb6cd2b2447"},
    {file = "pyqt5_plugins-5.15.9.2.3-cp37-cp37m-manylinux2014_x86_64.whl", hash = "sha256:b26d7af31c0e42705a4c24fdffb29f069e3bf089f1f7b3927aff9f4adfa75b72"},
    {file = "pyqt5_plugins-5.15.9.2.3-cp37-cp37m-win32.whl", hash = "sha256:d50304b6ffa684c08bc717db55e9cfe834937fc312888a7a64cd31fac27b0067"},
    {file = "pyqt5_plugins-5.15.9.2.3-cp37-cp37m-win_amd64.whl", hash = "sha256:808f5456f205520af3a1e48cd935a81e7a3c032d069a6436a07ec276e486f4dd"},
    {file = "pyqt5_plugins-5.15.9.2.3-cp38-cp38-macosx_10_15_x86_64.whl", hash = "sha256:b862c340b13cf782f77778cc9c5e28ceeb7ecbf9da0c7410b5c55050a59efe59"},
    {file = "pyqt5_plugins-5.15.9.2.3-cp38-cp38-manylinux2014_x86_64.whl", hash = "sha256:b4225d531773c3c69814a05877651b29d639f1887f25b8b19dcc0e160427582a"},
    {file = "pyqt5_plugins-5.15.9.2.3-cp38-cp38-win32.whl", hash = "sha256:e0715d4149701fac3ad3b6777a272edab7ca375524d4c3742b3a6c11d46b2d35"},
    {file = "pyqt5_plugins-5.15.9.2.3-cp38-cp38-win_amd64.whl", hash = "sha256:ad82f31bfd6c7039909980628fcbcc7e843013dbdfcf3674f1ffaf53f90b71cc"},
    {file = "pyqt5_plugins-5.15.9.2.3-cp39-cp39-macosx_11_0_x86_64.whl", hash = "sha256:3e7ba7995e71ba06d536c8a36168ae03199a3983a727d627000f170d6e3a29f4"},
    {file = "pyqt5_plugins-5.15.9.2.3-cp39-cp39-manylinux2014_x86_64.whl", hash = "sha256:b3e747cd3be0885b12e8bde32234df0ee082dfc9607751ce81fb2aa694462048"},
    {file = "pyqt5_plugins-5.15.9.2.3-cp39-cp39-win32.whl", hash = "sha256:e4670917c36b039b6d195af177afa369f603aa00376890fd540c955ec56c9284"},
    {file = "pyqt5_plugins-5.15.9.2.3-cp39-cp39-win_amd64.whl", hash = "sha256:bacaae333802856871e24045f121967f73e2b5f95a55b633f76b78c6a87e034c"},
]

[package.dependencies]
click = "*"
pyqt5 = "5.15.9"
pyqt5-qt5 = "5.15.2"
qt5-tools = ">=5.15.2.1.2,<5.15.2.2"

[[package]]
name = "pyqt5-qt5"
version = "5.15.2"
description = "The subset of a Qt installation needed by PyQt5."
optional = false
python-versions = "*"
files = [
    {file = "PyQt5_Qt5-5.15.2-py3-none-macosx_10_13_intel.whl", hash = "sha256:76980cd3d7ae87e3c7a33bfebfaee84448fd650bad6840471d6cae199b56e154"},
    {file = "PyQt5_Qt5-5.15.2-py3-none-manylinux2014_x86_64.whl", hash = "sha256:1988f364ec8caf87a6ee5d5a3a5210d57539988bf8e84714c7d60972692e2f4a"},
    {file = "PyQt5_Qt5-5.15.2-py3-none-win32.whl", hash = "sha256:9cc7a768b1921f4b982ebc00a318ccb38578e44e45316c7a4a850e953e1dd327"},
    {file = "PyQt5_Qt5-5.15.2-py3-none-win_amd64.whl", hash = "sha256:750b78e4dba6bdf1607febedc08738e318ea09e9b10aea9ff0d73073f11f6962"},
]

[[package]]
name = "pyqt5-sip"
version = "12.15.0"
description = "The sip module support for PyQt5"
optional = false
python-versions = ">=3.8"
files = [
    {file = "PyQt5_sip-12.15.0-cp310-cp310-macosx_10_9_universal2.whl", hash = "sha256:749f7a3ffd6e3d2d5db65ed92c95cbd14490631595c61f0c0672c9238bfb17de"},
    {file = "PyQt5_sip-12.15.0-cp310-cp310-manylinux_2_5_x86_64.manylinux1_x86_64.whl", hash = "sha256:b4adc529fa4ec05728e14ea55194d907cc51f18d6f2ac5cc9f6eb52ac038aa0f"},
    {file = "PyQt5_sip-12.15.0-cp310-cp310-win32.whl", hash = "sha256:83d247cdc43ef224410b14c97413067ea26356dfa39e9ed0fe702a31e25710b0"},
    {file = "PyQt5_sip-12.15.0-cp310-cp310-win_amd64.whl", hash = "sha256:13f0c6a78e781255863e3e160304648efaf62276b7102741af637b63a6e96930"},
    {file = "PyQt5_sip-12.15.0-cp311-cp311-macosx_10_9_universal2.whl", hash = "sha256:855563d4d3b59ce7438bbf2dd32fed2707787defa40f3efe94f204a19ef92b25"},
    {file = "PyQt5_sip-12.15.0-cp311-cp311-manylinux_2_5_x86_64.manylinux1_x86_64.whl", hash = "sha256:0b718a362f4392430903bbb2a4b9bbff9841a16a52f0cfdd5b5bbd9d11457980"},
    {file = "PyQt5_sip-12.15.0-cp311-cp311-win32.whl", hash = "sha256:2575f428de584a12009fd29d00c89df16ed101a3b38beba818dfdcbc4a10709c"},
    {file = "PyQt5_sip-12.15.0-cp311-cp311-win_amd64.whl", hash = "sha256:c85be433fbafcb3d417581c0e1b67c8198d23858166e4f938e971c2262c13cdb"},
    {file = "PyQt5_sip-12.15.0-cp312-cp312-macosx_10_9_universal2.whl", hash = "sha256:852b75cf208825602480e95ab63314108f872d0da251e9ad3deaaff5a183a6f5"},
    {file = "PyQt5_sip-12.15.0-cp312-cp312-manylinux_2_5_x86_64.manylinux1_x86_64.whl", hash = "sha256:0cd21c3215e3c47fdd5fa7a2dc3dd1e07a7230b0626e905a7217925068c788b9"},
    {file = "PyQt5_sip-12.15.0-cp312-cp312-win32.whl", hash = "sha256:b58eeedc9b2a3037b136bf96915196c391a33be470ed1c0723d7163ef0b727a2"},
    {file = "PyQt5_sip-12.15.0-cp312-cp312-win_amd64.whl", hash = "sha256:24a1d4937332bf0a38dd95bb2ce4d89723df449f6e912b52ef0e107e11fefac1"},
    {file = "PyQt5_sip-12.15.0-cp38-cp38-macosx_11_0_universal2.whl", hash = "sha256:91b9538458a3a23e033c213bc879ce64f3d0a33d5a49cbd03e1e584efe307a35"},
    {file = "PyQt5_sip-12.15.0-cp38-cp38-manylinux_2_5_x86_64.manylinux1_x86_64.whl", hash = "sha256:0c1c727ede7fdc464a1fe2e46109ba836509b2d7187a46fdeae443148ce51d1c"},
    {file = "PyQt5_sip-12.15.0-cp38-cp38-win32.whl", hash = "sha256:dd241de9c569c07bbba62bff1049996e5b52478164f61f430073a87bf6d26d33"},
    {file = "PyQt5_sip-12.15.0-cp38-cp38-win_amd64.whl", hash = "sha256:f600ae6f03e4bff91153c0dc7ebe52f90bd2b6afda58fd580e6990b3b951adc0"},
    {file = "PyQt5_sip-12.15.0-cp39-cp39-macosx_10_9_universal2.whl", hash = "sha256:c0c543d604116af26694a8a5ba90f510551ff9124d503ae5ee14bb73a61363a3"},
    {file = "PyQt5_sip-12.15.0-cp39-cp39-manylinux_2_5_x86_64.manylinux1_x86_64.whl", hash = "sha256:97f2d6e8d9b7b3d3e795d576d7f56e6257f524221f6383b33ded7287763e9f06"},
    {file = "PyQt5_sip-12.15.0-cp39-cp39-win32.whl", hash = "sha256:ed5221c6241981bd98d39504823efb9cbe36841bf8917288f8fe8fc1d5569a41"},
    {file = "PyQt5_sip-12.15.0-cp39-cp39-win_amd64.whl", hash = "sha256:7f88c85702dce80ac2e1a162054f688ed394811d6dd03a5574b3fa8111b0a6db"},
    {file = "PyQt5_sip-12.15.0.tar.gz", hash = "sha256:d23fdfcf363b5cedd9d39f8a9c5710e7d52804f5b08a58e91c638b36eafcb702"},
]

[[package]]
name = "pyqt5-tools"
version = "5.15.9.3.3"
description = "PyQt Designer and QML plugins"
optional = false
python-versions = ">=3.7"
files = [
    {file = "pyqt5_tools-5.15.9.3.3-py3-none-any.whl", hash = "sha256:4b45b26111c583a34fa364b98d7120f5aeca4f96ac72e251f1b37a9cca809f86"},
]

[package.dependencies]
click = "*"
pyqt5 = "5.15.9"
pyqt5-plugins = ">=5.15.9.2.2,<5.15.9.3"
python-dotenv = "*"

[[package]]
name = "pyqtwebengine"
version = "5.15.7"
description = "Python bindings for the Qt WebEngine framework"
optional = false
python-versions = ">=3.8"
files = [
    {file = "PyQtWebEngine-5.15.7-cp38-abi3-macosx_11_0_arm64.whl", hash = "sha256:e17187d9a3db3bab041f31385ed72832312557fefc5bd63ae4692df306dc1572"},
    {file = "PyQtWebEngine-5.15.7-cp38-abi3-macosx_11_0_x86_64.whl", hash = "sha256:021814af1ff7d8be447c5314891cd4ddc931deae393dc2d38a816569aa0eb8cd"},
    {file = "PyQtWebEngine-5.15.7-cp38-abi3-manylinux_2_17_x86_64.whl", hash = "sha256:965461ca0cf414e03bd510a9a0e2ea36dc21deaa7fc4a631be4a1f2aa0327179"},
    {file = "PyQtWebEngine-5.15.7-cp38-abi3-win32.whl", hash = "sha256:c0680527b1af3e0145ce5e0f2ba2156ff0b4b38844392cf0ddd37ede6a9edeab"},
    {file = "PyQtWebEngine-5.15.7-cp38-abi3-win_amd64.whl", hash = "sha256:bd5e8c426d6f6b352cd15800d64a89b2a4a11e098460b818c7bdcf5e5612e44f"},
    {file = "PyQtWebEngine-5.15.7.tar.gz", hash = "sha256:f121ac6e4a2f96ac289619bcfc37f64e68362f24a346553f5d6c42efa4228a4d"},
]

[package.dependencies]
PyQt5 = ">=5.15.4"
PyQt5-sip = ">=12.13,<13"
PyQtWebEngine-Qt5 = ">=5.15.0,<5.16.0"

[[package]]
name = "pyqtwebengine-qt5"
version = "5.15.15"
description = "The subset of a Qt installation needed by PyQtWebEngine."
optional = false
python-versions = "*"
files = [
    {file = "PyQtWebEngine_Qt5-5.15.15-py3-none-macosx_10_13_x86_64.whl", hash = "sha256:820b770b2612c0d871d0ff2a85a2768f62a5f36108a2338fccc79011b4a5788b"},
    {file = "PyQtWebEngine_Qt5-5.15.15-py3-none-macosx_11_0_arm64.whl", hash = "sha256:e473c20fc6cc3b046898d8de8a99639c202713eda9ee48e589e9350d6cd55fda"},
    {file = "PyQtWebEngine_Qt5-5.15.15-py3-none-manylinux2014_x86_64.whl", hash = "sha256:dab868b0dfa7a5d14d740f97776fa982c24003883f64df59dece8099cddadd1d"},
]

[[package]]
name = "python-dotenv"
version = "1.0.1"
description = "Read key-value pairs from a .env file and set them as environment variables"
optional = false
python-versions = ">=3.8"
files = [
    {file = "python-dotenv-1.0.1.tar.gz", hash = "sha256:e324ee90a023d808f1959c46bcbc04446a10ced277783dc6ee09987c37ec10ca"},
    {file = "python_dotenv-1.0.1-py3-none-any.whl", hash = "sha256:f7b63ef50f1b690dddf550d03497b66d609393b40b564ed0d674909a68ebf16a"},
]

[package.extras]
cli = ["click (>=5.0)"]

[[package]]
name = "pythonnet"
version = "2.5.2"
description = ".Net and Mono integration for Python"
optional = false
python-versions = "*"
files = [
    {file = "pythonnet-2.5.2-cp27-cp27m-win32.whl", hash = "sha256:d519bbc7b1cd3999651efc594d91cb67c46d1d8466dad3d83b578102e58d05bd"},
    {file = "pythonnet-2.5.2-cp27-cp27m-win_amd64.whl", hash = "sha256:c02f53d0e61b202cddf3198fac9553d5b4ee0ea0cc4fe658c2ed69ab24def276"},
    {file = "pythonnet-2.5.2-cp35-cp35m-win32.whl", hash = "sha256:840bdef89b378663d73f74f18895b6d8630d1f5671457a1db5ffb68179d85582"},
    {file = "pythonnet-2.5.2-cp35-cp35m-win_amd64.whl", hash = "sha256:d8e5b27de1e2cfb69b88782ac5cdf605b1a73598a85d86570e46961126628dbb"},
    {file = "pythonnet-2.5.2-cp36-cp36m-win32.whl", hash = "sha256:62645c29840c4a877d66e047f3e065b2e5a1a66431a99bce8d42a5af3a093ee1"},
    {file = "pythonnet-2.5.2-cp36-cp36m-win_amd64.whl", hash = "sha256:058e536062d1585d07ec5f2cf16aefcfc8eb8179faa90e5db0063d358469d025"},
    {file = "pythonnet-2.5.2-cp37-cp37m-win32.whl", hash = "sha256:cc77fc63e2afb0a80199ab44ced4fdfb78c19d8030063c345c80740d15380dd9"},
    {file = "pythonnet-2.5.2-cp37-cp37m-win_amd64.whl", hash = "sha256:80c8f5c9bd10440a73eb6aedbbacb2f3dd7701b474816f5ef7636f529d838d38"},
    {file = "pythonnet-2.5.2-cp38-cp38-win32.whl", hash = "sha256:41a607b7304e9efc6d4d8db438d6018a17c6637e8b8998848ff5c2a7a1b4687c"},
    {file = "pythonnet-2.5.2-cp38-cp38-win_amd64.whl", hash = "sha256:00a4fed9fc05b4efbe8947c79dc0799cffbca4c89e3e068e70b6618f20c906f2"},
    {file = "pythonnet-2.5.2.tar.gz", hash = "sha256:b7287480a1f6ae4b6fc80d775446d8af00e051ca1646b6cc3d32c5d3a461ede3"},
]

[package.dependencies]
pycparser = "*"

[[package]]
name = "pywebview"
version = "5.3.2"
description = "Build GUI for your Python program with JavaScript, HTML, and CSS"
optional = false
python-versions = ">=3.7"
files = [
    {file = "pywebview-5.3.2-py3-none-any.whl", hash = "sha256:55f5a4bcfaa56738f2d6206977bd3d2864784249b0646c67e84f402ba1740000"},
    {file = "pywebview-5.3.2.tar.gz", hash = "sha256:77b88a63e65e12913d269205e9c6d357666d4864826749c738bf432bd3ad23d9"},
]

[package.dependencies]
bottle = "*"
proxy-tools = "*"
pyobjc-core = {version = "*", markers = "sys_platform == \"darwin\""}
pyobjc-framework-Cocoa = {version = "*", markers = "sys_platform == \"darwin\""}
pyobjc-framework-Quartz = {version = "*", markers = "sys_platform == \"darwin\""}
pyobjc-framework-security = {version = "*", markers = "sys_platform == \"darwin\""}
pyobjc-framework-WebKit = {version = "*", markers = "sys_platform == \"darwin\""}
pythonnet = {version = "*", markers = "sys_platform == \"win32\""}
QtPy = {version = "*", markers = "sys_platform == \"openbsd6\""}
typing-extensions = "*"

[package.extras]
android = ["jnius", "kivy"]
cef = ["cefpython3"]
gtk = ["PyGObject", "PyGObject-stubs"]
pyside2 = ["PySide2", "QtPy"]
pyside6 = ["PySide6", "QtPy"]
qt = ["PyQt5", "QtPy", "pyqtwebengine"]

[[package]]
name = "qt5-applications"
version = "5.15.2.2.3"
description = "The collection of Qt tools easily installable in Python"
optional = false
python-versions = ">=3.7"
files = [
    {file = "qt5_applications-5.15.2.2.3-py3-none-macosx_10_14_x86_64.whl", hash = "sha256:45395074b742ca6765990d3645d5e24a59415c1d968c40c6a3443da22c621ba8"},
    {file = "qt5_applications-5.15.2.2.3-py3-none-manylinux_2_17_x86_64.whl", hash = "sha256:9ac537caf18fc339149391f58e6716c472296df4431d68e76670e75a14238de0"},
    {file = "qt5_applications-5.15.2.2.3-py3-none-win32.whl", hash = "sha256:8d4ebdd955653f693edac4697f80e016270efcf861ebb1b8b7e238fd6faba5f5"},
    {file = "qt5_applications-5.15.2.2.3-py3-none-win_amd64.whl", hash = "sha256:5156cc710ed3942f736ec2c46889f73d829fcd4093bed8dbddf2fd83929fdf0b"},
]

[[package]]
name = "qt5-tools"
version = "5.15.2.1.3"
description = "Wrappers for the raw Qt programs from qt5-applications"
optional = false
python-versions = ">=3.7"
files = [
    {file = "qt5_tools-5.15.2.1.3-py3-none-any.whl", hash = "sha256:3e73b7aa3cd03abba6e703aa1d21a5934eff42a068292500a1f02c9bc6da95cb"},
]

[package.dependencies]
click = "*"
qt5-applications = ">=5.15.2.2.2,<5.15.2.3"

[[package]]
name = "qtpy"
version = "2.4.2"
description = "Provides an abstraction layer on top of the various Qt bindings (PyQt5/6 and PySide2/6)."
optional = false
python-versions = ">=3.7"
files = [
    {file = "QtPy-2.4.2-py3-none-any.whl", hash = "sha256:5a696b1dd7a354cb330657da1d17c20c2190c72d4888ba923f8461da67aa1a1c"},
    {file = "qtpy-2.4.2.tar.gz", hash = "sha256:9d6ec91a587cc1495eaebd23130f7619afa5cdd34a277acb87735b4ad7c65156"},
]

[package.dependencies]
packaging = "*"

[package.extras]
test = ["pytest (>=6,!=7.0.0,!=7.0.1)", "pytest-cov (>=3.0.0)", "pytest-qt"]

[[package]]
name = "typing-extensions"
version = "4.12.2"
description = "Backported and Experimental Type Hints for Python 3.8+"
optional = false
python-versions = ">=3.8"
files = [
    {file = "typing_extensions-4.12.2-py3-none-any.whl", hash = "sha256:04e5ca0351e0f3f85c6853954072df659d0d13fac324d0072316b67d7794700d"},
    {file = "typing_extensions-4.12.2.tar.gz", hash = "sha256:1a7ead55c7e559dd4dee8856e3a88b41225abfe1ce8df57b7c13915fe121ffb8"},
]

[[package]]
name = "tzdata"
version = "2024.2"
description = "Provider of IANA time zone data"
optional = false
python-versions = ">=2"
files = [
    {file = "tzdata-2024.2-py2.py3-none-any.whl", hash = "sha256:a48093786cdcde33cad18c2555e8532f34422074448fbc874186f0abd79565cd"},
    {file = "tzdata-2024.2.tar.gz", hash = "sha256:7d85cc416e9382e69095b7bdf4afd9e3880418a2413feec7069d533d6b4e31cc"},
]

[metadata]
lock-version = "2.0"
python-versions = "^3.9"
content-hash = "62ef1c08915a3f9f75e13b39be1001932fb714ca307387a1fd225ed3aebb9717"
